// !$*UTF8*$!
{
	archiveVersion = 1;
	classes = {
	};
	objectVersion = 55;
	objects = {

/* Begin PBXBuildFile section */
		8DBA68BA28C33368007E0CC1 /* HFlexApp.swift in Sources */ = {isa = PBXBuildFile; fileRef = 8DBA68B928C33368007E0CC1 /* HFlexApp.swift */; };
		8DBA68BE28C3336A007E0CC1 /* Assets.xcassets in Resources */ = {isa = PBXBuildFile; fileRef = 8DBA68BD28C3336A007E0CC1 /* Assets.xcassets */; };
		8DBA68C128C3336A007E0CC1 /* Preview Assets.xcassets in Resources */ = {isa = PBXBuildFile; fileRef = 8DBA68C028C3336A007E0CC1 /* Preview Assets.xcassets */; };
		8DBA68C328C3336A007E0CC1 /* Persistence.swift in Sources */ = {isa = PBXBuildFile; fileRef = 8DBA68C228C3336A007E0CC1 /* Persistence.swift */; };
		8DBA68C628C3336A007E0CC1 /* HFlex.xcdatamodeld in Sources */ = {isa = PBXBuildFile; fileRef = 8DBA68C428C3336A007E0CC1 /* HFlex.xcdatamodeld */; };
		8DBA68CF28C333AF007E0CC1 /* StarterScreen.swift in Sources */ = {isa = PBXBuildFile; fileRef = 8DBA68CE28C333AF007E0CC1 /* StarterScreen.swift */; };
		8DBA68D128C33406007E0CC1 /* TaskOne.swift in Sources */ = {isa = PBXBuildFile; fileRef = 8DBA68D028C33406007E0CC1 /* TaskOne.swift */; };
		8DBA68D328C33460007E0CC1 /* Extensions.swift in Sources */ = {isa = PBXBuildFile; fileRef = 8DBA68D228C33460007E0CC1 /* Extensions.swift */; };
		8DBA68D528C338E7007E0CC1 /* TaskTwo.swift in Sources */ = {isa = PBXBuildFile; fileRef = 8DBA68D428C338E7007E0CC1 /* TaskTwo.swift */; };
		8DBA68D728C33A84007E0CC1 /* TaskThree.swift in Sources */ = {isa = PBXBuildFile; fileRef = 8DBA68D628C33A84007E0CC1 /* TaskThree.swift */; };
		8DBA68D928C33BCE007E0CC1 /* TaskFour.swift in Sources */ = {isa = PBXBuildFile; fileRef = 8DBA68D828C33BCE007E0CC1 /* TaskFour.swift */; };
		8DBA68DD28C3413D007E0CC1 /* TaskFive.swift in Sources */ = {isa = PBXBuildFile; fileRef = 8DBA68DC28C3413D007E0CC1 /* TaskFive.swift */; };
		8DBA68E128C34D5F007E0CC1 /* TextWeightFragment.swift in Sources */ = {isa = PBXBuildFile; fileRef = 8DBA68E028C34D5F007E0CC1 /* TextWeightFragment.swift */; };
		8DBA68E328C34D75007E0CC1 /* TextSizeFragment.swift in Sources */ = {isa = PBXBuildFile; fileRef = 8DBA68E228C34D75007E0CC1 /* TextSizeFragment.swift */; };
		8DBA68E728C34E8E007E0CC1 /* FontDesignFragment.swift in Sources */ = {isa = PBXBuildFile; fileRef = 8DBA68E628C34E8E007E0CC1 /* FontDesignFragment.swift */; };
		8DBA68E928C34FBC007E0CC1 /* TextFormattingFragment.swift in Sources */ = {isa = PBXBuildFile; fileRef = 8DBA68E828C34FBC007E0CC1 /* TextFormattingFragment.swift */; };
		8DBA68EB28C4C4A0007E0CC1 /* TextOtherFragment.swift in Sources */ = {isa = PBXBuildFile; fileRef = 8DBA68EA28C4C4A0007E0CC1 /* TextOtherFragment.swift */; };
		8DBA68EF28C4CD3F007E0CC1 /* TextFieldragment.swift in Sources */ = {isa = PBXBuildFile; fileRef = 8DBA68EE28C4CD3F007E0CC1 /* TextFieldragment.swift */; };
		8DBA68F128C5BC88007E0CC1 /* ButtonsFragment.swift in Sources */ = {isa = PBXBuildFile; fileRef = 8DBA68F028C5BC88007E0CC1 /* ButtonsFragment.swift */; };
		8DBA68F328C5BEC3007E0CC1 /* ImagesFragments.swift in Sources */ = {isa = PBXBuildFile; fileRef = 8DBA68F228C5BEC3007E0CC1 /* ImagesFragments.swift */; };
		8DBA68F528C5C06B007E0CC1 /* TaskSix.swift in Sources */ = {isa = PBXBuildFile; fileRef = 8DBA68F428C5C06B007E0CC1 /* TaskSix.swift */; };
/* End PBXBuildFile section */

/* Begin PBXFileReference section */
		8DBA68B628C33368007E0CC1 /* HFlex.app */ = {isa = PBXFileReference; explicitFileType = wrapper.application; includeInIndex = 0; path = HFlex.app; sourceTree = BUILT_PRODUCTS_DIR; };
		8DBA68B928C33368007E0CC1 /* HFlexApp.swift */ = {isa = PBXFileReference; lastKnownFileType = sourcecode.swift; path = HFlexApp.swift; sourceTree = "<group>"; };
		8DBA68BD28C3336A007E0CC1 /* Assets.xcassets */ = {isa = PBXFileReference; lastKnownFileType = folder.assetcatalog; path = Assets.xcassets; sourceTree = "<group>"; };
		8DBA68C028C3336A007E0CC1 /* Preview Assets.xcassets */ = {isa = PBXFileReference; lastKnownFileType = folder.assetcatalog; path = "Preview Assets.xcassets"; sourceTree = "<group>"; };
		8DBA68C228C3336A007E0CC1 /* Persistence.swift */ = {isa = PBXFileReference; lastKnownFileType = sourcecode.swift; path = Persistence.swift; sourceTree = "<group>"; };
		8DBA68C528C3336A007E0CC1 /* HFlex.xcdatamodel */ = {isa = PBXFileReference; lastKnownFileType = wrapper.xcdatamodel; path = HFlex.xcdatamodel; sourceTree = "<group>"; };
		8DBA68CE28C333AF007E0CC1 /* StarterScreen.swift */ = {isa = PBXFileReference; lastKnownFileType = sourcecode.swift; path = StarterScreen.swift; sourceTree = "<group>"; };
		8DBA68D028C33406007E0CC1 /* TaskOne.swift */ = {isa = PBXFileReference; lastKnownFileType = sourcecode.swift; path = TaskOne.swift; sourceTree = "<group>"; };
		8DBA68D228C33460007E0CC1 /* Extensions.swift */ = {isa = PBXFileReference; lastKnownFileType = sourcecode.swift; path = Extensions.swift; sourceTree = "<group>"; };
		8DBA68D428C338E7007E0CC1 /* TaskTwo.swift */ = {isa = PBXFileReference; lastKnownFileType = sourcecode.swift; path = TaskTwo.swift; sourceTree = "<group>"; };
		8DBA68D628C33A84007E0CC1 /* TaskThree.swift */ = {isa = PBXFileReference; lastKnownFileType = sourcecode.swift; path = TaskThree.swift; sourceTree = "<group>"; };
		8DBA68D828C33BCE007E0CC1 /* TaskFour.swift */ = {isa = PBXFileReference; lastKnownFileType = sourcecode.swift; path = TaskFour.swift; sourceTree = "<group>"; };
		8DBA68DC28C3413D007E0CC1 /* TaskFive.swift */ = {isa = PBXFileReference; lastKnownFileType = sourcecode.swift; path = TaskFive.swift; sourceTree = "<group>"; };
		8DBA68E028C34D5F007E0CC1 /* TextWeightFragment.swift */ = {isa = PBXFileReference; lastKnownFileType = sourcecode.swift; path = TextWeightFragment.swift; sourceTree = "<group>"; };
		8DBA68E228C34D75007E0CC1 /* TextSizeFragment.swift */ = {isa = PBXFileReference; lastKnownFileType = sourcecode.swift; path = TextSizeFragment.swift; sourceTree = "<group>"; };
		8DBA68E628C34E8E007E0CC1 /* FontDesignFragment.swift */ = {isa = PBXFileReference; lastKnownFileType = sourcecode.swift; path = FontDesignFragment.swift; sourceTree = "<group>"; };
		8DBA68E828C34FBC007E0CC1 /* TextFormattingFragment.swift */ = {isa = PBXFileReference; lastKnownFileType = sourcecode.swift; path = TextFormattingFragment.swift; sourceTree = "<group>"; };
		8DBA68EA28C4C4A0007E0CC1 /* TextOtherFragment.swift */ = {isa = PBXFileReference; lastKnownFileType = sourcecode.swift; path = TextOtherFragment.swift; sourceTree = "<group>"; };
		8DBA68EE28C4CD3F007E0CC1 /* TextFieldragment.swift */ = {isa = PBXFileReference; lastKnownFileType = sourcecode.swift; path = TextFieldragment.swift; sourceTree = "<group>"; };
		8DBA68F028C5BC88007E0CC1 /* ButtonsFragment.swift */ = {isa = PBXFileReference; lastKnownFileType = sourcecode.swift; path = ButtonsFragment.swift; sourceTree = "<group>"; };
		8DBA68F228C5BEC3007E0CC1 /* ImagesFragments.swift */ = {isa = PBXFileReference; lastKnownFileType = sourcecode.swift; path = ImagesFragments.swift; sourceTree = "<group>"; };
		8DBA68F428C5C06B007E0CC1 /* TaskSix.swift */ = {isa = PBXFileReference; lastKnownFileType = sourcecode.swift; path = TaskSix.swift; sourceTree = "<group>"; };
/* End PBXFileReference section */

/* Begin PBXFrameworksBuildPhase section */
		8DBA68B328C33368007E0CC1 /* Frameworks */ = {
			isa = PBXFrameworksBuildPhase;
			buildActionMask = 2147483647;
			files = (
			);
			runOnlyForDeploymentPostprocessing = 0;
		};
/* End PBXFrameworksBuildPhase section */

/* Begin PBXGroup section */
		8DBA68AD28C33368007E0CC1 = {
			isa = PBXGroup;
			children = (
				8DBA68B828C33368007E0CC1 /* HFlex */,
				8DBA68B728C33368007E0CC1 /* Products */,
			);
			sourceTree = "<group>";
		};
		8DBA68B728C33368007E0CC1 /* Products */ = {
			isa = PBXGroup;
			children = (
				8DBA68B628C33368007E0CC1 /* HFlex.app */,
			);
			name = Products;
			sourceTree = "<group>";
		};
		8DBA68B828C33368007E0CC1 /* HFlex */ = {
			isa = PBXGroup;
			children = (
				8DBA68DA28C34127007E0CC1 /* Fragments */,
				8DBA68CD28C33395007E0CC1 /* Utils */,
				8DBA68CC28C3338A007E0CC1 /* Screens */,
				8DBA68B928C33368007E0CC1 /* HFlexApp.swift */,
				8DBA68CE28C333AF007E0CC1 /* StarterScreen.swift */,
				8DBA68BD28C3336A007E0CC1 /* Assets.xcassets */,
				8DBA68C228C3336A007E0CC1 /* Persistence.swift */,
				8DBA68C428C3336A007E0CC1 /* HFlex.xcdatamodeld */,
				8DBA68BF28C3336A007E0CC1 /* Preview Content */,
			);
			path = HFlex;
			sourceTree = "<group>";
		};
		8DBA68BF28C3336A007E0CC1 /* Preview Content */ = {
			isa = PBXGroup;
			children = (
				8DBA68C028C3336A007E0CC1 /* Preview Assets.xcassets */,
			);
			path = "Preview Content";
			sourceTree = "<group>";
		};
		8DBA68CC28C3338A007E0CC1 /* Screens */ = {
			isa = PBXGroup;
			children = (
				8DBA68D028C33406007E0CC1 /* TaskOne.swift */,
				8DBA68D428C338E7007E0CC1 /* TaskTwo.swift */,
				8DBA68D628C33A84007E0CC1 /* TaskThree.swift */,
				8DBA68D828C33BCE007E0CC1 /* TaskFour.swift */,
				8DBA68DC28C3413D007E0CC1 /* TaskFive.swift */,
				8DBA68F428C5C06B007E0CC1 /* TaskSix.swift */,
			);
			path = Screens;
			sourceTree = "<group>";
		};
		8DBA68CD28C33395007E0CC1 /* Utils */ = {
			isa = PBXGroup;
			children = (
				8DBA68D228C33460007E0CC1 /* Extensions.swift */,
			);
			path = Utils;
			sourceTree = "<group>";
		};
		8DBA68DA28C34127007E0CC1 /* Fragments */ = {
			isa = PBXGroup;
			children = (
				8DBA68E228C34D75007E0CC1 /* TextSizeFragment.swift */,
				8DBA68E028C34D5F007E0CC1 /* TextWeightFragment.swift */,
				8DBA68E628C34E8E007E0CC1 /* FontDesignFragment.swift */,
				8DBA68E828C34FBC007E0CC1 /* TextFormattingFragment.swift */,
				8DBA68EA28C4C4A0007E0CC1 /* TextOtherFragment.swift */,
				8DBA68EE28C4CD3F007E0CC1 /* TextFieldragment.swift */,
				8DBA68F028C5BC88007E0CC1 /* ButtonsFragment.swift */,
				8DBA68F228C5BEC3007E0CC1 /* ImagesFragments.swift */,
			);
			path = Fragments;
			sourceTree = "<group>";
		};
/* End PBXGroup section */

/* Begin PBXNativeTarget section */
		8DBA68B528C33368007E0CC1 /* HFlex */ = {
			isa = PBXNativeTarget;
			buildConfigurationList = 8DBA68C928C3336A007E0CC1 /* Build configuration list for PBXNativeTarget "HFlex" */;
			buildPhases = (
				8DBA68B228C33368007E0CC1 /* Sources */,
				8DBA68B328C33368007E0CC1 /* Frameworks */,
				8DBA68B428C33368007E0CC1 /* Resources */,
			);
			buildRules = (
			);
			dependencies = (
			);
			name = HFlex;
			productName = HFlex;
			productReference = 8DBA68B628C33368007E0CC1 /* HFlex.app */;
			productType = "com.apple.product-type.application";
		};
/* End PBXNativeTarget section */

/* Begin PBXProject section */
		8DBA68AE28C33368007E0CC1 /* Project object */ = {
			isa = PBXProject;
			attributes = {
				BuildIndependentTargetsInParallel = 1;
				LastSwiftUpdateCheck = 1340;
				LastUpgradeCheck = 1340;
				TargetAttributes = {
					8DBA68B528C33368007E0CC1 = {
						CreatedOnToolsVersion = 13.4.1;
					};
				};
			};
			buildConfigurationList = 8DBA68B128C33368007E0CC1 /* Build configuration list for PBXProject "HFlex" */;
			compatibilityVersion = "Xcode 13.0";
			developmentRegion = en;
			hasScannedForEncodings = 0;
			knownRegions = (
				en,
				Base,
			);
			mainGroup = 8DBA68AD28C33368007E0CC1;
			productRefGroup = 8DBA68B728C33368007E0CC1 /* Products */;
			projectDirPath = "";
			projectRoot = "";
			targets = (
				8DBA68B528C33368007E0CC1 /* HFlex */,
			);
		};
/* End PBXProject section */

/* Begin PBXResourcesBuildPhase section */
		8DBA68B428C33368007E0CC1 /* Resources */ = {
			isa = PBXResourcesBuildPhase;
			buildActionMask = 2147483647;
			files = (
				8DBA68C128C3336A007E0CC1 /* Preview Assets.xcassets in Resources */,
				8DBA68BE28C3336A007E0CC1 /* Assets.xcassets in Resources */,
			);
			runOnlyForDeploymentPostprocessing = 0;
		};
/* End PBXResourcesBuildPhase section */

/* Begin PBXSourcesBuildPhase section */
		8DBA68B228C33368007E0CC1 /* Sources */ = {
			isa = PBXSourcesBuildPhase;
			buildActionMask = 2147483647;
			files = (
				8DBA68C328C3336A007E0CC1 /* Persistence.swift in Sources */,
				8DBA68D328C33460007E0CC1 /* Extensions.swift in Sources */,
				8DBA68F128C5BC88007E0CC1 /* ButtonsFragment.swift in Sources */,
				8DBA68E728C34E8E007E0CC1 /* FontDesignFragment.swift in Sources */,
				8DBA68D928C33BCE007E0CC1 /* TaskFour.swift in Sources */,
				8DBA68E128C34D5F007E0CC1 /* TextWeightFragment.swift in Sources */,
				8DBA68E928C34FBC007E0CC1 /* TextFormattingFragment.swift in Sources */,
				8DBA68C628C3336A007E0CC1 /* HFlex.xcdatamodeld in Sources */,
				8DBA68DD28C3413D007E0CC1 /* TaskFive.swift in Sources */,
				8DBA68EF28C4CD3F007E0CC1 /* TextFieldragment.swift in Sources */,
				8DBA68D128C33406007E0CC1 /* TaskOne.swift in Sources */,
				8DBA68EB28C4C4A0007E0CC1 /* TextOtherFragment.swift in Sources */,
				8DBA68F528C5C06B007E0CC1 /* TaskSix.swift in Sources */,
				8DBA68E328C34D75007E0CC1 /* TextSizeFragment.swift in Sources */,
				8DBA68D528C338E7007E0CC1 /* TaskTwo.swift in Sources */,
				8DBA68D728C33A84007E0CC1 /* TaskThree.swift in Sources */,
				8DBA68BA28C33368007E0CC1 /* HFlexApp.swift in Sources */,
				8DBA68CF28C333AF007E0CC1 /* StarterScreen.swift in Sources */,
				8DBA68F328C5BEC3007E0CC1 /* ImagesFragments.swift in Sources */,
			);
			runOnlyForDeploymentPostprocessing = 0;
		};
/* End PBXSourcesBuildPhase section */

/* Begin XCBuildConfiguration section */
		8DBA68C728C3336A007E0CC1 /* Debug */ = {
			isa = XCBuildConfiguration;
			buildSettings = {
				ALWAYS_SEARCH_USER_PATHS = NO;
				CLANG_ANALYZER_NONNULL = YES;
				CLANG_ANALYZER_NUMBER_OBJECT_CONVERSION = YES_AGGRESSIVE;
				CLANG_CXX_LANGUAGE_STANDARD = "gnu++17";
				CLANG_ENABLE_MODULES = YES;
				CLANG_ENABLE_OBJC_ARC = YES;
				CLANG_ENABLE_OBJC_WEAK = YES;
				CLANG_WARN_BLOCK_CAPTURE_AUTORELEASING = YES;
				CLANG_WARN_BOOL_CONVERSION = YES;
				CLANG_WARN_COMMA = YES;
				CLANG_WARN_CONSTANT_CONVERSION = YES;
				CLANG_WARN_DEPRECATED_OBJC_IMPLEMENTATIONS = YES;
				CLANG_WARN_DIRECT_OBJC_ISA_USAGE = YES_ERROR;
				CLANG_WARN_DOCUMENTATION_COMMENTS = YES;
				CLANG_WARN_EMPTY_BODY = YES;
				CLANG_WARN_ENUM_CONVERSION = YES;
				CLANG_WARN_INFINITE_RECURSION = YES;
				CLANG_WARN_INT_CONVERSION = YES;
				CLANG_WARN_NON_LITERAL_NULL_CONVERSION = YES;
				CLANG_WARN_OBJC_IMPLICIT_RETAIN_SELF = YES;
				CLANG_WARN_OBJC_LITERAL_CONVERSION = YES;
				CLANG_WARN_OBJC_ROOT_CLASS = YES_ERROR;
				CLANG_WARN_QUOTED_INCLUDE_IN_FRAMEWORK_HEADER = YES;
				CLANG_WARN_RANGE_LOOP_ANALYSIS = YES;
				CLANG_WARN_STRICT_PROTOTYPES = YES;
				CLANG_WARN_SUSPICIOUS_MOVE = YES;
				CLANG_WARN_UNGUARDED_AVAILABILITY = YES_AGGRESSIVE;
				CLANG_WARN_UNREACHABLE_CODE = YES;
				CLANG_WARN__DUPLICATE_METHOD_MATCH = YES;
				COPY_PHASE_STRIP = NO;
				DEBUG_INFORMATION_FORMAT = dwarf;
				ENABLE_STRICT_OBJC_MSGSEND = YES;
				ENABLE_TESTABILITY = YES;
				GCC_C_LANGUAGE_STANDARD = gnu11;
				GCC_DYNAMIC_NO_PIC = NO;
				GCC_NO_COMMON_BLOCKS = YES;
				GCC_OPTIMIZATION_LEVEL = 0;
				GCC_PREPROCESSOR_DEFINITIONS = (
					"DEBUG=1",
					"$(inherited)",
				);
				GCC_WARN_64_TO_32_BIT_CONVERSION = YES;
				GCC_WARN_ABOUT_RETURN_TYPE = YES_ERROR;
				GCC_WARN_UNDECLARED_SELECTOR = YES;
				GCC_WARN_UNINITIALIZED_AUTOS = YES_AGGRESSIVE;
				GCC_WARN_UNUSED_FUNCTION = YES;
				GCC_WARN_UNUSED_VARIABLE = YES;
				IPHONEOS_DEPLOYMENT_TARGET = 15.5;
				MTL_ENABLE_DEBUG_INFO = INCLUDE_SOURCE;
				MTL_FAST_MATH = YES;
				ONLY_ACTIVE_ARCH = YES;
				SDKROOT = iphoneos;
				SWIFT_ACTIVE_COMPILATION_CONDITIONS = DEBUG;
				SWIFT_OPTIMIZATION_LEVEL = "-Onone";
			};
			name = Debug;
		};
		8DBA68C828C3336A007E0CC1 /* Release */ = {
			isa = XCBuildConfiguration;
			buildSettings = {
				ALWAYS_SEARCH_USER_PATHS = NO;
				CLANG_ANALYZER_NONNULL = YES;
				CLANG_ANALYZER_NUMBER_OBJECT_CONVERSION = YES_AGGRESSIVE;
				CLANG_CXX_LANGUAGE_STANDARD = "gnu++17";
				CLANG_ENABLE_MODULES = YES;
				CLANG_ENABLE_OBJC_ARC = YES;
				CLANG_ENABLE_OBJC_WEAK = YES;
				CLANG_WARN_BLOCK_CAPTURE_AUTORELEASING = YES;
				CLANG_WARN_BOOL_CONVERSION = YES;
				CLANG_WARN_COMMA = YES;
				CLANG_WARN_CONSTANT_CONVERSION = YES;
				CLANG_WARN_DEPRECATED_OBJC_IMPLEMENTATIONS = YES;
				CLANG_WARN_DIRECT_OBJC_ISA_USAGE = YES_ERROR;
				CLANG_WARN_DOCUMENTATION_COMMENTS = YES;
				CLANG_WARN_EMPTY_BODY = YES;
				CLANG_WARN_ENUM_CONVERSION = YES;
				CLANG_WARN_INFINITE_RECURSION = YES;
				CLANG_WARN_INT_CONVERSION = YES;
				CLANG_WARN_NON_LITERAL_NULL_CONVERSION = YES;
				CLANG_WARN_OBJC_IMPLICIT_RETAIN_SELF = YES;
				CLANG_WARN_OBJC_LITERAL_CONVERSION = YES;
				CLANG_WARN_OBJC_ROOT_CLASS = YES_ERROR;
				CLANG_WARN_QUOTED_INCLUDE_IN_FRAMEWORK_HEADER = YES;
				CLANG_WARN_RANGE_LOOP_ANALYSIS = YES;
				CLANG_WARN_STRICT_PROTOTYPES = YES;
				CLANG_WARN_SUSPICIOUS_MOVE = YES;
				CLANG_WARN_UNGUARDED_AVAILABILITY = YES_AGGRESSIVE;
				CLANG_WARN_UNREACHABLE_CODE = YES;
				CLANG_WARN__DUPLICATE_METHOD_MATCH = YES;
				COPY_PHASE_STRIP = NO;
				DEBUG_INFORMATION_FORMAT = "dwarf-with-dsym";
				ENABLE_NS_ASSERTIONS = NO;
				ENABLE_STRICT_OBJC_MSGSEND = YES;
				GCC_C_LANGUAGE_STANDARD = gnu11;
				GCC_NO_COMMON_BLOCKS = YES;
				GCC_WARN_64_TO_32_BIT_CONVERSION = YES;
				GCC_WARN_ABOUT_RETURN_TYPE = YES_ERROR;
				GCC_WARN_UNDECLARED_SELECTOR = YES;
				GCC_WARN_UNINITIALIZED_AUTOS = YES_AGGRESSIVE;
				GCC_WARN_UNUSED_FUNCTION = YES;
				GCC_WARN_UNUSED_VARIABLE = YES;
				IPHONEOS_DEPLOYMENT_TARGET = 15.5;
				MTL_ENABLE_DEBUG_INFO = NO;
				MTL_FAST_MATH = YES;
				SDKROOT = iphoneos;
				SWIFT_COMPILATION_MODE = wholemodule;
				SWIFT_OPTIMIZATION_LEVEL = "-O";
				VALIDATE_PRODUCT = YES;
			};
			name = Release;
		};
		8DBA68CA28C3336A007E0CC1 /* Debug */ = {
			isa = XCBuildConfiguration;
			buildSettings = {
				ASSETCATALOG_COMPILER_APPICON_NAME = AppIcon;
				ASSETCATALOG_COMPILER_GLOBAL_ACCENT_COLOR_NAME = AccentColor;
				CODE_SIGN_STYLE = Automatic;
				CURRENT_PROJECT_VERSION = 1;
				DEVELOPMENT_ASSET_PATHS = "\"HFlex/Preview Content\"";
				DEVELOPMENT_TEAM = 9D9LQFC4NQ;
				ENABLE_PREVIEWS = YES;
				GENERATE_INFOPLIST_FILE = YES;
				INFOPLIST_KEY_UIApplicationSceneManifest_Generation = YES;
				INFOPLIST_KEY_UIApplicationSupportsIndirectInputEvents = YES;
				INFOPLIST_KEY_UILaunchScreen_Generation = YES;
				INFOPLIST_KEY_UISupportedInterfaceOrientations_iPad = "UIInterfaceOrientationPortrait UIInterfaceOrientationPortraitUpsideDown UIInterfaceOrientationLandscapeLeft UIInterfaceOrientationLandscapeRight";
				INFOPLIST_KEY_UISupportedInterfaceOrientations_iPhone = "UIInterfaceOrientationPortrait UIInterfaceOrientationLandscapeLeft UIInterfaceOrientationLandscapeRight";
				LD_RUNPATH_SEARCH_PATHS = (
					"$(inherited)",
					"@executable_path/Frameworks",
				);
				MARKETING_VERSION = 1.0;
				PRODUCT_BUNDLE_IDENTIFIER = uz.karavella.HFlex;
				PRODUCT_NAME = "$(TARGET_NAME)";
				SWIFT_EMIT_LOC_STRINGS = YES;
				SWIFT_VERSION = 5.0;
				TARGETED_DEVICE_FAMILY = "1,2";
			};
			name = Debug;
		};
		8DBA68CB28C3336A007E0CC1 /* Release */ = {
			isa = XCBuildConfiguration;
			buildSettings = {
				ASSETCATALOG_COMPILER_APPICON_NAME = AppIcon;
				ASSETCATALOG_COMPILER_GLOBAL_ACCENT_COLOR_NAME = AccentColor;
				CODE_SIGN_STYLE = Automatic;
				CURRENT_PROJECT_VERSION = 1;
				DEVELOPMENT_ASSET_PATHS = "\"HFlex/Preview Content\"";
				DEVELOPMENT_TEAM = 9D9LQFC4NQ;
				ENABLE_PREVIEWS = YES;
				GENERATE_INFOPLIST_FILE = YES;
				INFOPLIST_KEY_UIApplicationSceneManifest_Generation = YES;
				INFOPLIST_KEY_UIApplicationSupportsIndirectInputEvents = YES;
				INFOPLIST_KEY_UILaunchScreen_Generation = YES;
				INFOPLIST_KEY_UISupportedInterfaceOrientations_iPad = "UIInterfaceOrientationPortrait UIInterfaceOrientationPortraitUpsideDown UIInterfaceOrientationLandscapeLeft UIInterfaceOrientationLandscapeRight";
				INFOPLIST_KEY_UISupportedInterfaceOrientations_iPhone = "UIInterfaceOrientationPortrait UIInterfaceOrientationLandscapeLeft UIInterfaceOrientationLandscapeRight";
				LD_RUNPATH_SEARCH_PATHS = (
					"$(inherited)",
					"@executable_path/Frameworks",
				);
				MARKETING_VERSION = 1.0;
				PRODUCT_BUNDLE_IDENTIFIER = uz.karavella.HFlex;
				PRODUCT_NAME = "$(TARGET_NAME)";
				SWIFT_EMIT_LOC_STRINGS = YES;
				SWIFT_VERSION = 5.0;
				TARGETED_DEVICE_FAMILY = "1,2";
			};
			name = Release;
		};
/* End XCBuildConfiguration section */

/* Begin XCConfigurationList section */
		8DBA68B128C33368007E0CC1 /* Build configuration list for PBXProject "HFlex" */ = {
			isa = XCConfigurationList;
			buildConfigurations = (
				8DBA68C728C3336A007E0CC1 /* Debug */,
				8DBA68C828C3336A007E0CC1 /* Release */,
			);
			defaultConfigurationIsVisible = 0;
			defaultConfigurationName = Release;
		};
		8DBA68C928C3336A007E0CC1 /* Build configuration list for PBXNativeTarget "HFlex" */ = {
			isa = XCConfigurationList;
			buildConfigurations = (
				8DBA68CA28C3336A007E0CC1 /* Debug */,
				8DBA68CB28C3336A007E0CC1 /* Release */,
			);
			defaultConfigurationIsVisible = 0;
			defaultConfigurationName = Release;
		};
/* End XCConfigurationList section */

/* Begin XCVersionGroup section */
		8DBA68C428C3336A007E0CC1 /* HFlex.xcdatamodeld */ = {
			isa = XCVersionGroup;
			children = (
				8DBA68C528C3336A007E0CC1 /* HFlex.xcdatamodel */,
			);
			currentVersion = 8DBA68C528C3336A007E0CC1 /* HFlex.xcdatamodel */;
			path = HFlex.xcdatamodeld;
			sourceTree = "<group>";
			versionGroupType = wrapper.xcdatamodel;
		};
/* End XCVersionGroup section */
	};
	rootObject = 8DBA68AE28C33368007E0CC1 /* Project object */;
}
